
Microsoft Visual Studio Solution File, Format Version 12.00
# Visual Studio 15
VisualStudioVersion = 15.0.26124.0
MinimumVisualStudioVersion = 15.0.26124.0
Project("{FAE04EC0-301F-11D3-BF4B-00C04F79EFBC}") = "VirtualWallet.Proto", "VirtualWallet.Proto\VirtualWallet.Proto.csproj", "{FD269C8A-4A16-42C3-AC0D-9B0BA68E6505}"
EndProject
Project("{FAE04EC0-301F-11D3-BF4B-00C04F79EFBC}") = "VirtualWallet.Server", "VirtualWallet.Server\VirtualWallet.Server.csproj", "{19229340-D1E1-4E57-9BF9-1044710B7295}"
EndProject
Global
	GlobalSection(SolutionConfigurationPlatforms) = preSolution
		Debug|Any CPU = Debug|Any CPU
		Debug|x64 = Debug|x64
		Debug|x86 = Debug|x86
		Release|Any CPU = Release|Any CPU
		Release|x64 = Release|x64
		Release|x86 = Release|x86
	EndGlobalSection
	GlobalSection(SolutionProperties) = preSolution
		HideSolutionNode = FALSE
	EndGlobalSection
	GlobalSection(ProjectConfigurationPlatforms) = postSolution
		{FD269C8A-4A16-42C3-AC0D-9B0BA68E6505}.Debug|Any CPU.ActiveCfg = Debug|Any CPU
		{FD269C8A-4A16-42C3-AC0D-9B0BA68E6505}.Debug|Any CPU.Build.0 = Debug|Any CPU
		{FD269C8A-4A16-42C3-AC0D-9B0BA68E6505}.Debug|x64.ActiveCfg = Debug|x64
		{FD269C8A-4A16-42C3-AC0D-9B0BA68E6505}.Debug|x64.Build.0 = Debug|x64
		{FD269C8A-4A16-42C3-AC0D-9B0BA68E6505}.Debug|x86.ActiveCfg = Debug|x86
		{FD269C8A-4A16-42C3-AC0D-9B0BA68E6505}.Debug|x86.Build.0 = Debug|x86
		{FD269C8A-4A16-42C3-AC0D-9B0BA68E6505}.Release|Any CPU.ActiveCfg = Release|Any CPU
		{FD269C8A-4A16-42C3-AC0D-9B0BA68E6505}.Release|Any CPU.Build.0 = Release|Any CPU
		{FD269C8A-4A16-42C3-AC0D-9B0BA68E6505}.Release|x64.ActiveCfg = Release|x64
		{FD269C8A-4A16-42C3-AC0D-9B0BA68E6505}.Release|x64.Build.0 = Release|x64
		{FD269C8A-4A16-42C3-AC0D-9B0BA68E6505}.Release|x86.ActiveCfg = Release|x86
		{FD269C8A-4A16-42C3-AC0D-9B0BA68E6505}.Release|x86.Build.0 = Release|x86
		{19229340-D1E1-4E57-9BF9-1044710B7295}.Debug|Any CPU.ActiveCfg = Debug|Any CPU
		{19229340-D1E1-4E57-9BF9-1044710B7295}.Debug|Any CPU.Build.0 = Debug|Any CPU
		{19229340-D1E1-4E57-9BF9-1044710B7295}.Debug|x64.ActiveCfg = Debug|x64
		{19229340-D1E1-4E57-9BF9-1044710B7295}.Debug|x64.Build.0 = Debug|x64
		{19229340-D1E1-4E57-9BF9-1044710B7295}.Debug|x86.ActiveCfg = Debug|x86
		{19229340-D1E1-4E57-9BF9-1044710B7295}.Debug|x86.Build.0 = Debug|x86
		{19229340-D1E1-4E57-9BF9-1044710B7295}.Release|Any CPU.ActiveCfg = Release|Any CPU
		{19229340-D1E1-4E57-9BF9-1044710B7295}.Release|Any CPU.Build.0 = Release|Any CPU
		{19229340-D1E1-4E57-9BF9-1044710B7295}.Release|x64.ActiveCfg = Release|x64
		{19229340-D1E1-4E57-9BF9-1044710B7295}.Release|x64.Build.0 = Release|x64
		{19229340-D1E1-4E57-9BF9-1044710B7295}.Release|x86.ActiveCfg = Release|x86
		{19229340-D1E1-4E57-9BF9-1044710B7295}.Release|x86.Build.0 = Release|x86
	EndGlobalSection
EndGlobal
